
Microsoft Visual Studio Solution File, Format Version 12.00
# Visual Studio Version 17
VisualStudioVersion = 17.0.31903.59
MinimumVisualStudioVersion = 10.0.40219.1
Project("{FAE04EC0-301F-11D3-BF4B-00C04F79EFBC}") = "TechMed.Domain", "TechMed.Domain\TechMed.Domain.csproj", "{69801B71-EB3D-4F33-8B27-B4FC8A504348}"
EndProject
Project("{FAE04EC0-301F-11D3-BF4B-00C04F79EFBC}") = "TechMed.WebAPI", "TechMed.WebAPI\TechMed.WebAPI.csproj", "{73191146-D6CA-467A-A527-7CE8ADFFAE3D}"
EndProject
Project("{FAE04EC0-301F-11D3-BF4B-00C04F79EFBC}") = "TechMed.Infrastructure", "TechMed.Infrastructure\TechMed.Infrastructure.csproj", "{D9D38927-FEAE-4099-AD38-4FD16B2D7D34}"
EndProject
Global
	GlobalSection(SolutionConfigurationPlatforms) = preSolution
		Debug|Any CPU = Debug|Any CPU
		Release|Any CPU = Release|Any CPU
	EndGlobalSection
	GlobalSection(ProjectConfigurationPlatforms) = postSolution
		{69801B71-EB3D-4F33-8B27-B4FC8A504348}.Debug|Any CPU.ActiveCfg = Debug|Any CPU
		{69801B71-EB3D-4F33-8B27-B4FC8A504348}.Debug|Any CPU.Build.0 = Debug|Any CPU
		{69801B71-EB3D-4F33-8B27-B4FC8A504348}.Release|Any CPU.ActiveCfg = Release|Any CPU
		{69801B71-EB3D-4F33-8B27-B4FC8A504348}.Release|Any CPU.Build.0 = Release|Any CPU
		{73191146-D6CA-467A-A527-7CE8ADFFAE3D}.Debug|Any CPU.ActiveCfg = Debug|Any CPU
		{73191146-D6CA-467A-A527-7CE8ADFFAE3D}.Debug|Any CPU.Build.0 = Debug|Any CPU
		{73191146-D6CA-467A-A527-7CE8ADFFAE3D}.Release|Any CPU.ActiveCfg = Release|Any CPU
		{73191146-D6CA-467A-A527-7CE8ADFFAE3D}.Release|Any CPU.Build.0 = Release|Any CPU
		{52C7C78B-F97F-457E-8BC4-F532AD4396CB}.Debug|Any CPU.ActiveCfg = Debug|Any CPU
		{52C7C78B-F97F-457E-8BC4-F532AD4396CB}.Debug|Any CPU.Build.0 = Debug|Any CPU
		{52C7C78B-F97F-457E-8BC4-F532AD4396CB}.Release|Any CPU.ActiveCfg = Release|Any CPU
		{52C7C78B-F97F-457E-8BC4-F532AD4396CB}.Release|Any CPU.Build.0 = Release|Any CPU
		{D9D38927-FEAE-4099-AD38-4FD16B2D7D34}.Debug|Any CPU.ActiveCfg = Debug|Any CPU
		{D9D38927-FEAE-4099-AD38-4FD16B2D7D34}.Debug|Any CPU.Build.0 = Debug|Any CPU
		{D9D38927-FEAE-4099-AD38-4FD16B2D7D34}.Release|Any CPU.ActiveCfg = Release|Any CPU
		{D9D38927-FEAE-4099-AD38-4FD16B2D7D34}.Release|Any CPU.Build.0 = Release|Any CPU
	EndGlobalSection
	GlobalSection(SolutionProperties) = preSolution
		HideSolutionNode = FALSE
	EndGlobalSection
EndGlobal
