
Microsoft Visual Studio Solution File, Format Version 12.00
# Visual Studio Version 17
VisualStudioVersion = 17.5.002.0
MinimumVisualStudioVersion = 10.0.40219.1
Project("{9A19103F-16F7-4668-BE54-9A1E7A4F7556}") = "DOTNET-P002", "DOTNET-P002\DOTNET-P002.csproj", "{C1BD0981-CC4E-4071-9F1A-EEC86F5BE73E}"
EndProject
Global
	GlobalSection(SolutionConfigurationPlatforms) = preSolution
		Debug|Any CPU = Debug|Any CPU
		Release|Any CPU = Release|Any CPU
	EndGlobalSection
	GlobalSection(ProjectConfigurationPlatforms) = postSolution
		{C1BD0981-CC4E-4071-9F1A-EEC86F5BE73E}.Debug|Any CPU.ActiveCfg = Debug|Any CPU
		{C1BD0981-CC4E-4071-9F1A-EEC86F5BE73E}.Debug|Any CPU.Build.0 = Debug|Any CPU
		{C1BD0981-CC4E-4071-9F1A-EEC86F5BE73E}.Release|Any CPU.ActiveCfg = Release|Any CPU
		{C1BD0981-CC4E-4071-9F1A-EEC86F5BE73E}.Release|Any CPU.Build.0 = Release|Any CPU
	EndGlobalSection
	GlobalSection(SolutionProperties) = preSolution
		HideSolutionNode = FALSE
	EndGlobalSection
	GlobalSection(ExtensibilityGlobals) = postSolution
		SolutionGuid = {CD1A7675-64BE-41A3-B0EB-6B78C8676C98}
	EndGlobalSection
EndGlobal
