
Microsoft Visual Studio Solution File, Format Version 12.00
# Visual Studio Version 17
VisualStudioVersion = 17.5.002.0
MinimumVisualStudioVersion = 10.0.40219.1
Project("{2150E333-8FDC-42A3-9474-1A3956D46DE8}") = "ProjetoPessoal", "ProjetoPessoal", "{4D22A3C0-15E4-4A5B-976E-FCDD3267B325}"
EndProject
Project("{9A19103F-16F7-4668-BE54-9A1E7A4F7556}") = "ProjetoPessoalMinimalAPI", "ProjetoPessoal\ProjetoPessoalMinimalAPI\ProjetoPessoalMinimalAPI.csproj", "{05442536-0F9D-4982-B101-6C7AAD96500A}"
EndProject
Project("{FAE04EC0-301F-11D3-BF4B-00C04F79EFBC}") = "Ordem_Servico.Domain", "Ordem_Servico.Domain\Ordem_Servico.Domain.csproj", "{473564C9-F87E-4958-9062-5296C0DCA740}"
EndProject
Project("{FAE04EC0-301F-11D3-BF4B-00C04F79EFBC}") = "Ordem_Servico.Infra", "Ordem_Servico.Infra\Ordem_Servico.Infra.csproj", "{C6F53B11-B8A1-4690-BABD-8E8EEAA6F939}"
EndProject
Project("{FAE04EC0-301F-11D3-BF4B-00C04F79EFBC}") = "Ordem_Servico.WebAPI", "Ordem_Servico.WebAPI\Ordem_Servico.WebAPI.csproj", "{523D02BD-B62F-4BD6-997D-D6FA932117A6}"
EndProject
Global
	GlobalSection(SolutionConfigurationPlatforms) = preSolution
		Debug|Any CPU = Debug|Any CPU
		Release|Any CPU = Release|Any CPU
	EndGlobalSection
	GlobalSection(ProjectConfigurationPlatforms) = postSolution
		{05442536-0F9D-4982-B101-6C7AAD96500A}.Debug|Any CPU.ActiveCfg = Debug|Any CPU
		{05442536-0F9D-4982-B101-6C7AAD96500A}.Debug|Any CPU.Build.0 = Debug|Any CPU
		{05442536-0F9D-4982-B101-6C7AAD96500A}.Release|Any CPU.ActiveCfg = Release|Any CPU
		{05442536-0F9D-4982-B101-6C7AAD96500A}.Release|Any CPU.Build.0 = Release|Any CPU
		{473564C9-F87E-4958-9062-5296C0DCA740}.Debug|Any CPU.ActiveCfg = Debug|Any CPU
		{473564C9-F87E-4958-9062-5296C0DCA740}.Debug|Any CPU.Build.0 = Debug|Any CPU
		{473564C9-F87E-4958-9062-5296C0DCA740}.Release|Any CPU.ActiveCfg = Release|Any CPU
		{473564C9-F87E-4958-9062-5296C0DCA740}.Release|Any CPU.Build.0 = Release|Any CPU
		{C6F53B11-B8A1-4690-BABD-8E8EEAA6F939}.Debug|Any CPU.ActiveCfg = Debug|Any CPU
		{C6F53B11-B8A1-4690-BABD-8E8EEAA6F939}.Debug|Any CPU.Build.0 = Debug|Any CPU
		{C6F53B11-B8A1-4690-BABD-8E8EEAA6F939}.Release|Any CPU.ActiveCfg = Release|Any CPU
		{C6F53B11-B8A1-4690-BABD-8E8EEAA6F939}.Release|Any CPU.Build.0 = Release|Any CPU
		{523D02BD-B62F-4BD6-997D-D6FA932117A6}.Debug|Any CPU.ActiveCfg = Debug|Any CPU
		{523D02BD-B62F-4BD6-997D-D6FA932117A6}.Debug|Any CPU.Build.0 = Debug|Any CPU
		{523D02BD-B62F-4BD6-997D-D6FA932117A6}.Release|Any CPU.ActiveCfg = Release|Any CPU
		{523D02BD-B62F-4BD6-997D-D6FA932117A6}.Release|Any CPU.Build.0 = Release|Any CPU
	EndGlobalSection
	GlobalSection(SolutionProperties) = preSolution
		HideSolutionNode = FALSE
	EndGlobalSection
	GlobalSection(NestedProjects) = preSolution
		{05442536-0F9D-4982-B101-6C7AAD96500A} = {4D22A3C0-15E4-4A5B-976E-FCDD3267B325}
	EndGlobalSection
	GlobalSection(ExtensibilityGlobals) = postSolution
		SolutionGuid = {E4D51050-5F52-4C66-B80D-CD18D521F5EA}
	EndGlobalSection
EndGlobal
