
Microsoft Visual Studio Solution File, Format Version 12.00
# Visual Studio Version 17
VisualStudioVersion = 17.5.002.0
MinimumVisualStudioVersion = 10.0.40219.1
Project("{9A19103F-16F7-4668-BE54-9A1E7A4F7556}") = "Ordem_Servico", "Ordem_Servico.csproj", "{4A634E7A-8C34-47E3-8AA0-55A4BEB33113}"
EndProject
Project("{FAE04EC0-301F-11D3-BF4B-00C04F79EFBC}") = "ProjetoPessoalMinimalAPI", "..\ProjetoPessoal\ProjetoPessoalMinimalAPI\ProjetoPessoalMinimalAPI.csproj", "{0B17C12D-B3A9-4021-BAD3-DEA17B9D07FA}"
EndProject
Project("{FAE04EC0-301F-11D3-BF4B-00C04F79EFBC}") = "Ordem_Servico.Domain", "..\Ordem_Servico.Domain\Ordem_Servico.Domain.csproj", "{30754DCA-6E47-4F00-ACA8-D03FEBE6B4FA}"
EndProject
Project("{FAE04EC0-301F-11D3-BF4B-00C04F79EFBC}") = "Ordem_Servico.Infra", "..\Ordem_Servico.Infra\Ordem_Servico.Infra.csproj", "{9449F813-F6E3-4806-95FF-14D4D65DE26E}"
EndProject
Global
	GlobalSection(SolutionConfigurationPlatforms) = preSolution
		Debug|Any CPU = Debug|Any CPU
		Release|Any CPU = Release|Any CPU
	EndGlobalSection
	GlobalSection(ProjectConfigurationPlatforms) = postSolution
		{4A634E7A-8C34-47E3-8AA0-55A4BEB33113}.Debug|Any CPU.ActiveCfg = Debug|Any CPU
		{4A634E7A-8C34-47E3-8AA0-55A4BEB33113}.Debug|Any CPU.Build.0 = Debug|Any CPU
		{4A634E7A-8C34-47E3-8AA0-55A4BEB33113}.Release|Any CPU.ActiveCfg = Release|Any CPU
		{4A634E7A-8C34-47E3-8AA0-55A4BEB33113}.Release|Any CPU.Build.0 = Release|Any CPU
		{0B17C12D-B3A9-4021-BAD3-DEA17B9D07FA}.Debug|Any CPU.ActiveCfg = Debug|Any CPU
		{0B17C12D-B3A9-4021-BAD3-DEA17B9D07FA}.Debug|Any CPU.Build.0 = Debug|Any CPU
		{0B17C12D-B3A9-4021-BAD3-DEA17B9D07FA}.Release|Any CPU.ActiveCfg = Release|Any CPU
		{0B17C12D-B3A9-4021-BAD3-DEA17B9D07FA}.Release|Any CPU.Build.0 = Release|Any CPU
		{30754DCA-6E47-4F00-ACA8-D03FEBE6B4FA}.Debug|Any CPU.ActiveCfg = Debug|Any CPU
		{30754DCA-6E47-4F00-ACA8-D03FEBE6B4FA}.Debug|Any CPU.Build.0 = Debug|Any CPU
		{30754DCA-6E47-4F00-ACA8-D03FEBE6B4FA}.Release|Any CPU.ActiveCfg = Release|Any CPU
		{30754DCA-6E47-4F00-ACA8-D03FEBE6B4FA}.Release|Any CPU.Build.0 = Release|Any CPU
		{9449F813-F6E3-4806-95FF-14D4D65DE26E}.Debug|Any CPU.ActiveCfg = Debug|Any CPU
		{9449F813-F6E3-4806-95FF-14D4D65DE26E}.Debug|Any CPU.Build.0 = Debug|Any CPU
		{9449F813-F6E3-4806-95FF-14D4D65DE26E}.Release|Any CPU.ActiveCfg = Release|Any CPU
		{9449F813-F6E3-4806-95FF-14D4D65DE26E}.Release|Any CPU.Build.0 = Release|Any CPU
	EndGlobalSection
	GlobalSection(SolutionProperties) = preSolution
		HideSolutionNode = FALSE
	EndGlobalSection
	GlobalSection(ExtensibilityGlobals) = postSolution
		SolutionGuid = {BCA7EDA4-D64C-45C4-8824-F3BAD7DE7F0C}
	EndGlobalSection
EndGlobal
